// !$*UTF8*$!
{
	archiveVersion = 1;
	classes = {
	};
	objectVersion = 50;
	objects = {

/* Begin PBXBuildFile section */
		7DBDD0E4A408EA92918CEACC /* CharactersRepository.swift in Sources */ = {isa = PBXBuildFile; fileRef = 7DBDD1492B5C85DDD55260DA /* CharactersRepository.swift */; };
		7DBDD19619875A9478C1698E /* StorySummary.swift in Sources */ = {isa = PBXBuildFile; fileRef = 7DBDD28C25E1D81B9A1AF201 /* StorySummary.swift */; };
		7DBDD1D9F6374CF86FE126CC /* ApiClient.swift in Sources */ = {isa = PBXBuildFile; fileRef = 7DBDD9480763ED098050E90D /* ApiClient.swift */; };
		7DBDD230105593AE350CF616 /* CharacterDataContainer.swift in Sources */ = {isa = PBXBuildFile; fileRef = 7DBDDFC98681CAD10AC92626 /* CharacterDataContainer.swift */; };
		7DBDD2412A528BE76366B663 /* MarvelImage.swift in Sources */ = {isa = PBXBuildFile; fileRef = 7DBDD1B2B785A2332F8C5AA8 /* MarvelImage.swift */; };
		7DBDD3920AEB73237EA229B2 /* EventSummary.swift in Sources */ = {isa = PBXBuildFile; fileRef = 7DBDDED4F240AC125D608686 /* EventSummary.swift */; };
		7DBDD4A6B39EE067BC5E3A79 /* ListCharacterViewModelCell.swift in Sources */ = {isa = PBXBuildFile; fileRef = 7DBDD3D8B6A0985249D1C5AE /* ListCharacterViewModelCell.swift */; };
		7DBDD4F528422617AEE3011B /* ApiClient+Fixtures.swift in Sources */ = {isa = PBXBuildFile; fileRef = 7DBDDB4E79CD0D87EB322F93 /* ApiClient+Fixtures.swift */; };
		7DBDD5874A4381DC859CCF1C /* ApiParams.swift in Sources */ = {isa = PBXBuildFile; fileRef = 7DBDDDCF7F8E42B771343CFE /* ApiParams.swift */; };
		7DBDD5C5847010DE94BA8E69 /* marvelResponse.json in Resources */ = {isa = PBXBuildFile; fileRef = 7DBDD77D4727BA6410D488BC /* marvelResponse.json */; };
		7DBDD62208ADC83ECAC41651 /* ComicSummary.swift in Sources */ = {isa = PBXBuildFile; fileRef = 7DBDD2ED2CE07886224CE594 /* ComicSummary.swift */; };
		7DBDD6B3501BBB5688D049AF /* EventList.swift in Sources */ = {isa = PBXBuildFile; fileRef = 7DBDDA3EE5B6A8BA7FC4682F /* EventList.swift */; };
		7DBDD6FED2AA246AE5C0D178 /* ApiParamsTest.swift in Sources */ = {isa = PBXBuildFile; fileRef = 7DBDDBBD96E62871158B896F /* ApiParamsTest.swift */; };
		7DBDD7FF8A168F083C3558BF /* MarvelCharacter.swift in Sources */ = {isa = PBXBuildFile; fileRef = 7DBDD00DEB557290F38F5028 /* MarvelCharacter.swift */; };
		7DBDD8CA6C8FA6F96DE07B65 /* NetworkLayer.swift in Sources */ = {isa = PBXBuildFile; fileRef = 7DBDDFEF805F222267E3CA49 /* NetworkLayer.swift */; };
		7DBDD9090449CA51C00A2C86 /* SeriesList.swift in Sources */ = {isa = PBXBuildFile; fileRef = 7DBDD9835B8CB01E8FC85B32 /* SeriesList.swift */; };
		7DBDDA0F258C2E824B623E73 /* ApiHashGenerator.swift in Sources */ = {isa = PBXBuildFile; fileRef = 7DBDDE67B9CD90F96DE76522 /* ApiHashGenerator.swift */; };
		7DBDDA920D84391D292884F3 /* ListCharacterViewModelTest.swift in Sources */ = {isa = PBXBuildFile; fileRef = 7DBDD3E616D511E044886D23 /* ListCharacterViewModelTest.swift */; };
		7DBDDAD56835C475309B0C69 /* StoryList.swift in Sources */ = {isa = PBXBuildFile; fileRef = 7DBDDCFA3E2A53738C03A143 /* StoryList.swift */; };
		7DBDDB41257C2E413AAB6997 /* SeriesSummary.swift in Sources */ = {isa = PBXBuildFile; fileRef = 7DBDDA8F42E896BD6D06C5EF /* SeriesSummary.swift */; };
		7DBDDBE95FF97FCCF63CB1A5 /* ApiHashGeneratorTest.swift in Sources */ = {isa = PBXBuildFile; fileRef = 7DBDDEBF19EFAD3D8E0896DD /* ApiHashGeneratorTest.swift */; };
		7DBDDC3695EB0A4FA6B94213 /* Url.swift in Sources */ = {isa = PBXBuildFile; fileRef = 7DBDDC594643FAC172B8006E /* Url.swift */; };
		7DBDDD177152D9AC630DAC46 /* ListCharacterView.swift in Sources */ = {isa = PBXBuildFile; fileRef = 7DBDDD70D879FD036F1DB20C /* ListCharacterView.swift */; };
		7DBDDE1C231B2C17E59502CD /* CharacterDataWrapper.swift in Sources */ = {isa = PBXBuildFile; fileRef = 7DBDD744D2B8EBF6682F8E86 /* CharacterDataWrapper.swift */; };
		7DBDDEC128A3E7BD8F889BB2 /* ComicList.swift in Sources */ = {isa = PBXBuildFile; fileRef = 7DBDDB3636B34E5E0C8DB85D /* ComicList.swift */; };
		7DBDDF39A0A3E9AF6D042D0E /* CharactersRepositoryTest.swift in Sources */ = {isa = PBXBuildFile; fileRef = 7DBDD71DD67CE08436327CC6 /* CharactersRepositoryTest.swift */; };
		7DBDDF6E0E104F94CFCD7C70 /* ListCharacterViewModel.swift in Sources */ = {isa = PBXBuildFile; fileRef = 7DBDDA98962FA0483A765E1D /* ListCharacterViewModel.swift */; };
		A21519B2E394A391CBD5FC6A /* Pods_MarvelAppExample.framework in Frameworks */ = {isa = PBXBuildFile; fileRef = 8088672D5511EEC8A89BC9EC /* Pods_MarvelAppExample.framework */; };
		BD73080A6CB0B5E15FAF11BB /* Pods_MarvelAppExampleTests.framework in Frameworks */ = {isa = PBXBuildFile; fileRef = 189EF0E769066B3483F7C7E8 /* Pods_MarvelAppExampleTests.framework */; };
		D95F2AF7D4E829D6443569E8 /* Pods_MarvelAppExampleUITests.framework in Frameworks */ = {isa = PBXBuildFile; fileRef = 4686C67C48BBEB963D2DA743 /* Pods_MarvelAppExampleUITests.framework */; };
		FF8BCBE3215A152E00F6D59F /* NetworkConstants.swift in Sources */ = {isa = PBXBuildFile; fileRef = FF8BCBE2215A152E00F6D59F /* NetworkConstants.swift */; };
		FFA7975621563B61006A1E14 /* AppDelegate.swift in Sources */ = {isa = PBXBuildFile; fileRef = FFA7975521563B61006A1E14 /* AppDelegate.swift */; };
		FFA7975821563B61006A1E14 /* ViewController.swift in Sources */ = {isa = PBXBuildFile; fileRef = FFA7975721563B61006A1E14 /* ViewController.swift */; };
		FFA7975D21563B64006A1E14 /* Assets.xcassets in Resources */ = {isa = PBXBuildFile; fileRef = FFA7975C21563B64006A1E14 /* Assets.xcassets */; };
		FFA7976021563B64006A1E14 /* LaunchScreen.storyboard in Resources */ = {isa = PBXBuildFile; fileRef = FFA7975E21563B64006A1E14 /* LaunchScreen.storyboard */; };
		FFA7977621563B64006A1E14 /* MarvelAppExampleUITests.swift in Sources */ = {isa = PBXBuildFile; fileRef = FFA7977521563B64006A1E14 /* MarvelAppExampleUITests.swift */; };
		FFA7A4CF225BC4070071956A /* ApiClientTest.swift in Sources */ = {isa = PBXBuildFile; fileRef = FFA7A4CE225BC4070071956A /* ApiClientTest.swift */; };
		FFE1427822593760008B910B /* Secrets.swift in Sources */ = {isa = PBXBuildFile; fileRef = FFE1427722593760008B910B /* Secrets.swift */; };
/* End PBXBuildFile section */

/* Begin PBXContainerItemProxy section */
		FFA7976721563B64006A1E14 /* PBXContainerItemProxy */ = {
			isa = PBXContainerItemProxy;
			containerPortal = FFA7974A21563B61006A1E14 /* Project object */;
			proxyType = 1;
			remoteGlobalIDString = FFA7975121563B61006A1E14;
			remoteInfo = MarvelAppExample;
		};
		FFA7977221563B64006A1E14 /* PBXContainerItemProxy */ = {
			isa = PBXContainerItemProxy;
			containerPortal = FFA7974A21563B61006A1E14 /* Project object */;
			proxyType = 1;
			remoteGlobalIDString = FFA7975121563B61006A1E14;
			remoteInfo = MarvelAppExample;
		};
/* End PBXContainerItemProxy section */

/* Begin PBXFileReference section */
		177B033114F7E3C9247251EA /* Pods-MarvelAppExampleUITests.release.xcconfig */ = {isa = PBXFileReference; includeInIndex = 1; lastKnownFileType = text.xcconfig; name = "Pods-MarvelAppExampleUITests.release.xcconfig"; path = "Target Support Files/Pods-MarvelAppExampleUITests/Pods-MarvelAppExampleUITests.release.xcconfig"; sourceTree = "<group>"; };
		189EF0E769066B3483F7C7E8 /* Pods_MarvelAppExampleTests.framework */ = {isa = PBXFileReference; explicitFileType = wrapper.framework; includeInIndex = 0; path = Pods_MarvelAppExampleTests.framework; sourceTree = BUILT_PRODUCTS_DIR; };
		190C2736C55A4E94DEA03EBE /* Pods-MarvelAppExampleUITests.debug.xcconfig */ = {isa = PBXFileReference; includeInIndex = 1; lastKnownFileType = text.xcconfig; name = "Pods-MarvelAppExampleUITests.debug.xcconfig"; path = "Target Support Files/Pods-MarvelAppExampleUITests/Pods-MarvelAppExampleUITests.debug.xcconfig"; sourceTree = "<group>"; };
		2743659C662C17142FA6AB23 /* Pods-MarvelAppExampleTests.release.xcconfig */ = {isa = PBXFileReference; includeInIndex = 1; lastKnownFileType = text.xcconfig; name = "Pods-MarvelAppExampleTests.release.xcconfig"; path = "Target Support Files/Pods-MarvelAppExampleTests/Pods-MarvelAppExampleTests.release.xcconfig"; sourceTree = "<group>"; };
		32AE473C33BDC3B48BC17A6B /* Pods-MarvelAppExample.debug.xcconfig */ = {isa = PBXFileReference; includeInIndex = 1; lastKnownFileType = text.xcconfig; name = "Pods-MarvelAppExample.debug.xcconfig"; path = "Target Support Files/Pods-MarvelAppExample/Pods-MarvelAppExample.debug.xcconfig"; sourceTree = "<group>"; };
		4686C67C48BBEB963D2DA743 /* Pods_MarvelAppExampleUITests.framework */ = {isa = PBXFileReference; explicitFileType = wrapper.framework; includeInIndex = 0; path = Pods_MarvelAppExampleUITests.framework; sourceTree = BUILT_PRODUCTS_DIR; };
		7DBDD00DEB557290F38F5028 /* MarvelCharacter.swift */ = {isa = PBXFileReference; fileEncoding = 4; lastKnownFileType = sourcecode.swift; path = MarvelCharacter.swift; sourceTree = "<group>"; };
		7DBDD1492B5C85DDD55260DA /* CharactersRepository.swift */ = {isa = PBXFileReference; fileEncoding = 4; lastKnownFileType = sourcecode.swift; path = CharactersRepository.swift; sourceTree = "<group>"; };
		7DBDD1B2B785A2332F8C5AA8 /* MarvelImage.swift */ = {isa = PBXFileReference; fileEncoding = 4; lastKnownFileType = sourcecode.swift; path = MarvelImage.swift; sourceTree = "<group>"; };
		7DBDD28C25E1D81B9A1AF201 /* StorySummary.swift */ = {isa = PBXFileReference; fileEncoding = 4; lastKnownFileType = sourcecode.swift; path = StorySummary.swift; sourceTree = "<group>"; };
		7DBDD2ED2CE07886224CE594 /* ComicSummary.swift */ = {isa = PBXFileReference; fileEncoding = 4; lastKnownFileType = sourcecode.swift; path = ComicSummary.swift; sourceTree = "<group>"; };
		7DBDD3D8B6A0985249D1C5AE /* ListCharacterViewModelCell.swift */ = {isa = PBXFileReference; fileEncoding = 4; lastKnownFileType = sourcecode.swift; path = ListCharacterViewModelCell.swift; sourceTree = "<group>"; };
		7DBDD3E616D511E044886D23 /* ListCharacterViewModelTest.swift */ = {isa = PBXFileReference; fileEncoding = 4; lastKnownFileType = sourcecode.swift; path = ListCharacterViewModelTest.swift; sourceTree = "<group>"; };
		7DBDD71DD67CE08436327CC6 /* CharactersRepositoryTest.swift */ = {isa = PBXFileReference; fileEncoding = 4; lastKnownFileType = sourcecode.swift; path = CharactersRepositoryTest.swift; sourceTree = "<group>"; };
		7DBDD744D2B8EBF6682F8E86 /* CharacterDataWrapper.swift */ = {isa = PBXFileReference; fileEncoding = 4; lastKnownFileType = sourcecode.swift; path = CharacterDataWrapper.swift; sourceTree = "<group>"; };
		7DBDD77D4727BA6410D488BC /* marvelResponse.json */ = {isa = PBXFileReference; fileEncoding = 4; lastKnownFileType = text.json; path = marvelResponse.json; sourceTree = "<group>"; };
		7DBDD9480763ED098050E90D /* ApiClient.swift */ = {isa = PBXFileReference; fileEncoding = 4; lastKnownFileType = sourcecode.swift; path = ApiClient.swift; sourceTree = "<group>"; };
		7DBDD9835B8CB01E8FC85B32 /* SeriesList.swift */ = {isa = PBXFileReference; fileEncoding = 4; lastKnownFileType = sourcecode.swift; path = SeriesList.swift; sourceTree = "<group>"; };
		7DBDDA3EE5B6A8BA7FC4682F /* EventList.swift */ = {isa = PBXFileReference; fileEncoding = 4; lastKnownFileType = sourcecode.swift; path = EventList.swift; sourceTree = "<group>"; };
		7DBDDA8F42E896BD6D06C5EF /* SeriesSummary.swift */ = {isa = PBXFileReference; fileEncoding = 4; lastKnownFileType = sourcecode.swift; path = SeriesSummary.swift; sourceTree = "<group>"; };
		7DBDDA98962FA0483A765E1D /* ListCharacterViewModel.swift */ = {isa = PBXFileReference; fileEncoding = 4; lastKnownFileType = sourcecode.swift; path = ListCharacterViewModel.swift; sourceTree = "<group>"; };
		7DBDDB3636B34E5E0C8DB85D /* ComicList.swift */ = {isa = PBXFileReference; fileEncoding = 4; lastKnownFileType = sourcecode.swift; path = ComicList.swift; sourceTree = "<group>"; };
		7DBDDB4E79CD0D87EB322F93 /* ApiClient+Fixtures.swift */ = {isa = PBXFileReference; fileEncoding = 4; lastKnownFileType = sourcecode.swift; path = "ApiClient+Fixtures.swift"; sourceTree = "<group>"; };
		7DBDDBBD96E62871158B896F /* ApiParamsTest.swift */ = {isa = PBXFileReference; fileEncoding = 4; lastKnownFileType = sourcecode.swift; path = ApiParamsTest.swift; sourceTree = "<group>"; };
		7DBDDC594643FAC172B8006E /* Url.swift */ = {isa = PBXFileReference; fileEncoding = 4; lastKnownFileType = sourcecode.swift; path = Url.swift; sourceTree = "<group>"; };
		7DBDDCFA3E2A53738C03A143 /* StoryList.swift */ = {isa = PBXFileReference; fileEncoding = 4; lastKnownFileType = sourcecode.swift; path = StoryList.swift; sourceTree = "<group>"; };
		7DBDDD70D879FD036F1DB20C /* ListCharacterView.swift */ = {isa = PBXFileReference; fileEncoding = 4; lastKnownFileType = sourcecode.swift; path = ListCharacterView.swift; sourceTree = "<group>"; };
		7DBDDDCF7F8E42B771343CFE /* ApiParams.swift */ = {isa = PBXFileReference; fileEncoding = 4; lastKnownFileType = sourcecode.swift; path = ApiParams.swift; sourceTree = "<group>"; };
		7DBDDE67B9CD90F96DE76522 /* ApiHashGenerator.swift */ = {isa = PBXFileReference; fileEncoding = 4; lastKnownFileType = sourcecode.swift; path = ApiHashGenerator.swift; sourceTree = "<group>"; };
		7DBDDEBF19EFAD3D8E0896DD /* ApiHashGeneratorTest.swift */ = {isa = PBXFileReference; fileEncoding = 4; lastKnownFileType = sourcecode.swift; path = ApiHashGeneratorTest.swift; sourceTree = "<group>"; };
		7DBDDED4F240AC125D608686 /* EventSummary.swift */ = {isa = PBXFileReference; fileEncoding = 4; lastKnownFileType = sourcecode.swift; path = EventSummary.swift; sourceTree = "<group>"; };
		7DBDDFC98681CAD10AC92626 /* CharacterDataContainer.swift */ = {isa = PBXFileReference; fileEncoding = 4; lastKnownFileType = sourcecode.swift; path = CharacterDataContainer.swift; sourceTree = "<group>"; };
		7DBDDFEF805F222267E3CA49 /* NetworkLayer.swift */ = {isa = PBXFileReference; fileEncoding = 4; lastKnownFileType = sourcecode.swift; path = NetworkLayer.swift; sourceTree = "<group>"; };
		8088672D5511EEC8A89BC9EC /* Pods_MarvelAppExample.framework */ = {isa = PBXFileReference; explicitFileType = wrapper.framework; includeInIndex = 0; path = Pods_MarvelAppExample.framework; sourceTree = BUILT_PRODUCTS_DIR; };
		B83643C078C14B5D5005A108 /* Pods-MarvelAppExampleTests.debug.xcconfig */ = {isa = PBXFileReference; includeInIndex = 1; lastKnownFileType = text.xcconfig; name = "Pods-MarvelAppExampleTests.debug.xcconfig"; path = "Target Support Files/Pods-MarvelAppExampleTests/Pods-MarvelAppExampleTests.debug.xcconfig"; sourceTree = "<group>"; };
		C6515241FE6F8B9AA1C19933 /* Pods-MarvelAppExample.release.xcconfig */ = {isa = PBXFileReference; includeInIndex = 1; lastKnownFileType = text.xcconfig; name = "Pods-MarvelAppExample.release.xcconfig"; path = "Target Support Files/Pods-MarvelAppExample/Pods-MarvelAppExample.release.xcconfig"; sourceTree = "<group>"; };
		FF8BCBE2215A152E00F6D59F /* NetworkConstants.swift */ = {isa = PBXFileReference; lastKnownFileType = sourcecode.swift; path = NetworkConstants.swift; sourceTree = "<group>"; };
		FFA7975221563B61006A1E14 /* MarvelAppExample.app */ = {isa = PBXFileReference; explicitFileType = wrapper.application; includeInIndex = 0; path = MarvelAppExample.app; sourceTree = BUILT_PRODUCTS_DIR; };
		FFA7975521563B61006A1E14 /* AppDelegate.swift */ = {isa = PBXFileReference; lastKnownFileType = sourcecode.swift; path = AppDelegate.swift; sourceTree = "<group>"; };
		FFA7975721563B61006A1E14 /* ViewController.swift */ = {isa = PBXFileReference; lastKnownFileType = sourcecode.swift; path = ViewController.swift; sourceTree = "<group>"; };
		FFA7975C21563B64006A1E14 /* Assets.xcassets */ = {isa = PBXFileReference; lastKnownFileType = folder.assetcatalog; path = Assets.xcassets; sourceTree = "<group>"; };
		FFA7975F21563B64006A1E14 /* Base */ = {isa = PBXFileReference; lastKnownFileType = file.storyboard; name = Base; path = Base.lproj/LaunchScreen.storyboard; sourceTree = "<group>"; };
		FFA7976121563B64006A1E14 /* Info.plist */ = {isa = PBXFileReference; lastKnownFileType = text.plist.xml; path = Info.plist; sourceTree = "<group>"; };
		FFA7976621563B64006A1E14 /* MarvelAppExampleTests.xctest */ = {isa = PBXFileReference; explicitFileType = wrapper.cfbundle; includeInIndex = 0; path = MarvelAppExampleTests.xctest; sourceTree = BUILT_PRODUCTS_DIR; };
		FFA7976C21563B64006A1E14 /* Info.plist */ = {isa = PBXFileReference; lastKnownFileType = text.plist.xml; path = Info.plist; sourceTree = "<group>"; };
		FFA7977121563B64006A1E14 /* MarvelAppExampleUITests.xctest */ = {isa = PBXFileReference; explicitFileType = wrapper.cfbundle; includeInIndex = 0; path = MarvelAppExampleUITests.xctest; sourceTree = BUILT_PRODUCTS_DIR; };
		FFA7977521563B64006A1E14 /* MarvelAppExampleUITests.swift */ = {isa = PBXFileReference; lastKnownFileType = sourcecode.swift; path = MarvelAppExampleUITests.swift; sourceTree = "<group>"; };
		FFA7977721563B64006A1E14 /* Info.plist */ = {isa = PBXFileReference; lastKnownFileType = text.plist.xml; path = Info.plist; sourceTree = "<group>"; };
		FFA7A4CE225BC4070071956A /* ApiClientTest.swift */ = {isa = PBXFileReference; lastKnownFileType = sourcecode.swift; path = ApiClientTest.swift; sourceTree = "<group>"; };
		FFE1427722593760008B910B /* Secrets.swift */ = {isa = PBXFileReference; lastKnownFileType = sourcecode.swift; path = Secrets.swift; sourceTree = "<group>"; };
/* End PBXFileReference section */

/* Begin PBXFrameworksBuildPhase section */
		FFA7974F21563B61006A1E14 /* Frameworks */ = {
			isa = PBXFrameworksBuildPhase;
			buildActionMask = 2147483647;
			files = (
				A21519B2E394A391CBD5FC6A /* Pods_MarvelAppExample.framework in Frameworks */,
			);
			runOnlyForDeploymentPostprocessing = 0;
		};
		FFA7976321563B64006A1E14 /* Frameworks */ = {
			isa = PBXFrameworksBuildPhase;
			buildActionMask = 2147483647;
			files = (
				BD73080A6CB0B5E15FAF11BB /* Pods_MarvelAppExampleTests.framework in Frameworks */,
			);
			runOnlyForDeploymentPostprocessing = 0;
		};
		FFA7976E21563B64006A1E14 /* Frameworks */ = {
			isa = PBXFrameworksBuildPhase;
			buildActionMask = 2147483647;
			files = (
				D95F2AF7D4E829D6443569E8 /* Pods_MarvelAppExampleUITests.framework in Frameworks */,
			);
			runOnlyForDeploymentPostprocessing = 0;
		};
/* End PBXFrameworksBuildPhase section */

/* Begin PBXGroup section */
		211BF02B73D2A3365EB8C786 /* Pods */ = {
			isa = PBXGroup;
			children = (
				32AE473C33BDC3B48BC17A6B /* Pods-MarvelAppExample.debug.xcconfig */,
				C6515241FE6F8B9AA1C19933 /* Pods-MarvelAppExample.release.xcconfig */,
				B83643C078C14B5D5005A108 /* Pods-MarvelAppExampleTests.debug.xcconfig */,
				2743659C662C17142FA6AB23 /* Pods-MarvelAppExampleTests.release.xcconfig */,
				190C2736C55A4E94DEA03EBE /* Pods-MarvelAppExampleUITests.debug.xcconfig */,
				177B033114F7E3C9247251EA /* Pods-MarvelAppExampleUITests.release.xcconfig */,
			);
			path = Pods;
			sourceTree = "<group>";
		};
		64A6A0F1143523D3433BD62D /* Frameworks */ = {
			isa = PBXGroup;
			children = (
				8088672D5511EEC8A89BC9EC /* Pods_MarvelAppExample.framework */,
				189EF0E769066B3483F7C7E8 /* Pods_MarvelAppExampleTests.framework */,
				4686C67C48BBEB963D2DA743 /* Pods_MarvelAppExampleUITests.framework */,
			);
			name = Frameworks;
			sourceTree = "<group>";
		};
		7DBDD016688738AE4658FD8B /* repositories */ = {
			isa = PBXGroup;
			children = (
				7DBDD71DD67CE08436327CC6 /* CharactersRepositoryTest.swift */,
			);
			path = repositories;
			sourceTree = "<group>";
		};
		7DBDD23CCFF471F6E61CACE1 /* presentation */ = {
			isa = PBXGroup;
			children = (
				7DBDDE3152944DE26764DF90 /* ListCharacters */,
			);
			path = presentation;
			sourceTree = "<group>";
		};
		7DBDD2AE8C0AAC51B2C86EF1 /* networkLayer */ = {
			isa = PBXGroup;
			children = (
				7DBDDEBF19EFAD3D8E0896DD /* ApiHashGeneratorTest.swift */,
				7DBDDBBD96E62871158B896F /* ApiParamsTest.swift */,
				FFA7A4CE225BC4070071956A /* ApiClientTest.swift */,
			);
			path = networkLayer;
			sourceTree = "<group>";
		};
		7DBDD3D755EC4F85DCBDFC76 /* ListCharacters */ = {
			isa = PBXGroup;
			children = (
				7DBDDD70D879FD036F1DB20C /* ListCharacterView.swift */,
				7DBDDA98962FA0483A765E1D /* ListCharacterViewModel.swift */,
				7DBDD3D8B6A0985249D1C5AE /* ListCharacterViewModelCell.swift */,
			);
			path = ListCharacters;
			sourceTree = "<group>";
		};
		7DBDD44B5A395C9778FA4E38 /* fixtures */ = {
			isa = PBXGroup;
			children = (
				7DBDDB4E79CD0D87EB322F93 /* ApiClient+Fixtures.swift */,
			);
			path = fixtures;
			sourceTree = "<group>";
		};
		7DBDDE3152944DE26764DF90 /* ListCharacters */ = {
			isa = PBXGroup;
			children = (
				7DBDD3E616D511E044886D23 /* ListCharacterViewModelTest.swift */,
			);
			path = ListCharacters;
			sourceTree = "<group>";
		};
		7DBDDF0E45D2BA2E088792FB /* data */ = {
			isa = PBXGroup;
			children = (
				7DBDD2AE8C0AAC51B2C86EF1 /* networkLayer */,
				7DBDD016688738AE4658FD8B /* repositories */,
			);
			path = data;
			sourceTree = "<group>";
		};
		FF9643442156431700B59912 /* entities */ = {
			isa = PBXGroup;
			children = (
				7DBDDA8F42E896BD6D06C5EF /* SeriesSummary.swift */,
				7DBDD9835B8CB01E8FC85B32 /* SeriesList.swift */,
				7DBDDED4F240AC125D608686 /* EventSummary.swift */,
				7DBDDA3EE5B6A8BA7FC4682F /* EventList.swift */,
				7DBDDCFA3E2A53738C03A143 /* StoryList.swift */,
				7DBDD28C25E1D81B9A1AF201 /* StorySummary.swift */,
				7DBDD2ED2CE07886224CE594 /* ComicSummary.swift */,
				7DBDDB3636B34E5E0C8DB85D /* ComicList.swift */,
				7DBDD1B2B785A2332F8C5AA8 /* MarvelImage.swift */,
				7DBDDC594643FAC172B8006E /* Url.swift */,
				7DBDD00DEB557290F38F5028 /* MarvelCharacter.swift */,
				7DBDDFC98681CAD10AC92626 /* CharacterDataContainer.swift */,
				7DBDD744D2B8EBF6682F8E86 /* CharacterDataWrapper.swift */,
			);
			path = entities;
			sourceTree = "<group>";
		};
		FF9643462156434F00B59912 /* networkLayer */ = {
			isa = PBXGroup;
			children = (
				7DBDDFEF805F222267E3CA49 /* NetworkLayer.swift */,
				FF8BCBE2215A152E00F6D59F /* NetworkConstants.swift */,
				7DBDD9480763ED098050E90D /* ApiClient.swift */,
				7DBDDE67B9CD90F96DE76522 /* ApiHashGenerator.swift */,
				FFE1427722593760008B910B /* Secrets.swift */,
				7DBDDDCF7F8E42B771343CFE /* ApiParams.swift */,
			);
			path = networkLayer;
			sourceTree = "<group>";
		};
		FF9643472156436500B59912 /* repositories */ = {
			isa = PBXGroup;
			children = (
				7DBDD1492B5C85DDD55260DA /* CharactersRepository.swift */,
			);
			path = repositories;
			sourceTree = "<group>";
		};
		FFA7974921563B61006A1E14 = {
			isa = PBXGroup;
			children = (
				FFA7975421563B61006A1E14 /* MarvelAppExample */,
				FFA7976921563B64006A1E14 /* MarvelAppExampleTests */,
				FFA7977421563B64006A1E14 /* MarvelAppExampleUITests */,
				FFA7975321563B61006A1E14 /* Products */,
				211BF02B73D2A3365EB8C786 /* Pods */,
				64A6A0F1143523D3433BD62D /* Frameworks */,
			);
			sourceTree = "<group>";
		};
		FFA7975321563B61006A1E14 /* Products */ = {
			isa = PBXGroup;
			children = (
				FFA7975221563B61006A1E14 /* MarvelAppExample.app */,
				FFA7976621563B64006A1E14 /* MarvelAppExampleTests.xctest */,
				FFA7977121563B64006A1E14 /* MarvelAppExampleUITests.xctest */,
			);
			name = Products;
			sourceTree = "<group>";
		};
		FFA7975421563B61006A1E14 /* MarvelAppExample */ = {
			isa = PBXGroup;
			children = (
				FFA7978521563CC0006A1E14 /* presentation */,
				FFA7978421563CA7006A1E14 /* domain */,
				FFA7978321563C68006A1E14 /* data */,
				FFA7975521563B61006A1E14 /* AppDelegate.swift */,
				FFA7975C21563B64006A1E14 /* Assets.xcassets */,
				FFA7975E21563B64006A1E14 /* LaunchScreen.storyboard */,
				FFA7976121563B64006A1E14 /* Info.plist */,
			);
			path = MarvelAppExample;
			sourceTree = "<group>";
		};
		FFA7976921563B64006A1E14 /* MarvelAppExampleTests */ = {
			isa = PBXGroup;
			children = (
				FFA7976C21563B64006A1E14 /* Info.plist */,
				7DBDDF0E45D2BA2E088792FB /* data */,
				7DBDD77D4727BA6410D488BC /* marvelResponse.json */,
				7DBDD44B5A395C9778FA4E38 /* fixtures */,
				7DBDD23CCFF471F6E61CACE1 /* presentation */,
			);
			path = MarvelAppExampleTests;
			sourceTree = "<group>";
		};
		FFA7977421563B64006A1E14 /* MarvelAppExampleUITests */ = {
			isa = PBXGroup;
			children = (
				FFA7977521563B64006A1E14 /* MarvelAppExampleUITests.swift */,
				FFA7977721563B64006A1E14 /* Info.plist */,
			);
			path = MarvelAppExampleUITests;
			sourceTree = "<group>";
		};
		FFA7978321563C68006A1E14 /* data */ = {
			isa = PBXGroup;
			children = (
				FF9643472156436500B59912 /* repositories */,
				FF9643462156434F00B59912 /* networkLayer */,
			);
			path = data;
			sourceTree = "<group>";
		};
		FFA7978421563CA7006A1E14 /* domain */ = {
			isa = PBXGroup;
			children = (
				FF9643442156431700B59912 /* entities */,
			);
			path = domain;
			sourceTree = "<group>";
		};
		FFA7978521563CC0006A1E14 /* presentation */ = {
			isa = PBXGroup;
			children = (
				FFA7975721563B61006A1E14 /* ViewController.swift */,
				7DBDD3D755EC4F85DCBDFC76 /* ListCharacters */,
			);
			path = presentation;
			sourceTree = "<group>";
		};
/* End PBXGroup section */

/* Begin PBXNativeTarget section */
		FFA7975121563B61006A1E14 /* MarvelAppExample */ = {
			isa = PBXNativeTarget;
			buildConfigurationList = FFA7977A21563B64006A1E14 /* Build configuration list for PBXNativeTarget "MarvelAppExample" */;
			buildPhases = (
				7768B7009029A0E036124537 /* [CP] Check Pods Manifest.lock */,
				FFA7974E21563B61006A1E14 /* Sources */,
				FFA7974F21563B61006A1E14 /* Frameworks */,
				FFA7975021563B61006A1E14 /* Resources */,
				23EBD17F51A699E0AFB3CEB7 /* [CP] Embed Pods Frameworks */,
			);
			buildRules = (
			);
			dependencies = (
			);
			name = MarvelAppExample;
			productName = MarvelAppExample;
			productReference = FFA7975221563B61006A1E14 /* MarvelAppExample.app */;
			productType = "com.apple.product-type.application";
		};
		FFA7976521563B64006A1E14 /* MarvelAppExampleTests */ = {
			isa = PBXNativeTarget;
			buildConfigurationList = FFA7977D21563B64006A1E14 /* Build configuration list for PBXNativeTarget "MarvelAppExampleTests" */;
			buildPhases = (
				906CA365E7E492EC0FF31A4F /* [CP] Check Pods Manifest.lock */,
				FFA7976221563B64006A1E14 /* Sources */,
				FFA7976321563B64006A1E14 /* Frameworks */,
				FFA7976421563B64006A1E14 /* Resources */,
				12FD918E5C2F9296BD549F56 /* [CP] Embed Pods Frameworks */,
			);
			buildRules = (
			);
			dependencies = (
				FFA7976821563B64006A1E14 /* PBXTargetDependency */,
			);
			name = MarvelAppExampleTests;
			productName = MarvelAppExampleTests;
			productReference = FFA7976621563B64006A1E14 /* MarvelAppExampleTests.xctest */;
			productType = "com.apple.product-type.bundle.unit-test";
		};
		FFA7977021563B64006A1E14 /* MarvelAppExampleUITests */ = {
			isa = PBXNativeTarget;
			buildConfigurationList = FFA7978021563B64006A1E14 /* Build configuration list for PBXNativeTarget "MarvelAppExampleUITests" */;
			buildPhases = (
				B294862478AB5DC03156D9D4 /* [CP] Check Pods Manifest.lock */,
				FFA7976D21563B64006A1E14 /* Sources */,
				FFA7976E21563B64006A1E14 /* Frameworks */,
				FFA7976F21563B64006A1E14 /* Resources */,
				0DAE06C7F9BBADC78E564826 /* [CP] Embed Pods Frameworks */,
			);
			buildRules = (
			);
			dependencies = (
				FFA7977321563B64006A1E14 /* PBXTargetDependency */,
			);
			name = MarvelAppExampleUITests;
			productName = MarvelAppExampleUITests;
			productReference = FFA7977121563B64006A1E14 /* MarvelAppExampleUITests.xctest */;
			productType = "com.apple.product-type.bundle.ui-testing";
		};
/* End PBXNativeTarget section */

/* Begin PBXProject section */
		FFA7974A21563B61006A1E14 /* Project object */ = {
			isa = PBXProject;
			attributes = {
				LastSwiftUpdateCheck = 1000;
				LastUpgradeCheck = 1000;
				ORGANIZATIONNAME = abelFernandez;
				TargetAttributes = {
					FFA7975121563B61006A1E14 = {
						CreatedOnToolsVersion = 10.0;
					};
					FFA7976521563B64006A1E14 = {
						CreatedOnToolsVersion = 10.0;
						TestTargetID = FFA7975121563B61006A1E14;
					};
					FFA7977021563B64006A1E14 = {
						CreatedOnToolsVersion = 10.0;
						TestTargetID = FFA7975121563B61006A1E14;
					};
				};
			};
			buildConfigurationList = FFA7974D21563B61006A1E14 /* Build configuration list for PBXProject "MarvelAppExample" */;
			compatibilityVersion = "Xcode 9.3";
			developmentRegion = en;
			hasScannedForEncodings = 0;
			knownRegions = (
				en,
				Base,
			);
			mainGroup = FFA7974921563B61006A1E14;
			productRefGroup = FFA7975321563B61006A1E14 /* Products */;
			projectDirPath = "";
			projectRoot = "";
			targets = (
				FFA7975121563B61006A1E14 /* MarvelAppExample */,
				FFA7976521563B64006A1E14 /* MarvelAppExampleTests */,
				FFA7977021563B64006A1E14 /* MarvelAppExampleUITests */,
			);
		};
/* End PBXProject section */

/* Begin PBXResourcesBuildPhase section */
		FFA7975021563B61006A1E14 /* Resources */ = {
			isa = PBXResourcesBuildPhase;
			buildActionMask = 2147483647;
			files = (
				FFA7976021563B64006A1E14 /* LaunchScreen.storyboard in Resources */,
				FFA7975D21563B64006A1E14 /* Assets.xcassets in Resources */,
				7DBDD5C5847010DE94BA8E69 /* marvelResponse.json in Resources */,
			);
			runOnlyForDeploymentPostprocessing = 0;
		};
		FFA7976421563B64006A1E14 /* Resources */ = {
			isa = PBXResourcesBuildPhase;
			buildActionMask = 2147483647;
			files = (
			);
			runOnlyForDeploymentPostprocessing = 0;
		};
		FFA7976F21563B64006A1E14 /* Resources */ = {
			isa = PBXResourcesBuildPhase;
			buildActionMask = 2147483647;
			files = (
			);
			runOnlyForDeploymentPostprocessing = 0;
		};
/* End PBXResourcesBuildPhase section */

/* Begin PBXShellScriptBuildPhase section */
		0DAE06C7F9BBADC78E564826 /* [CP] Embed Pods Frameworks */ = {
			isa = PBXShellScriptBuildPhase;
			buildActionMask = 2147483647;
			files = (
			);
			inputFileListPaths = (
			);
			inputPaths = (
				"${PODS_ROOT}/Target Support Files/Pods-MarvelAppExampleUITests/Pods-MarvelAppExampleUITests-frameworks.sh",
				"${BUILT_PRODUCTS_DIR}/RxSwift/RxSwift.framework",
				"${BUILT_PRODUCTS_DIR}/RxBlocking/RxBlocking.framework",
				"${BUILT_PRODUCTS_DIR}/RxTest/RxTest.framework",
			);
			name = "[CP] Embed Pods Frameworks";
			outputFileListPaths = (
			);
			outputPaths = (
				"${TARGET_BUILD_DIR}/${FRAMEWORKS_FOLDER_PATH}/RxSwift.framework",
				"${TARGET_BUILD_DIR}/${FRAMEWORKS_FOLDER_PATH}/RxBlocking.framework",
				"${TARGET_BUILD_DIR}/${FRAMEWORKS_FOLDER_PATH}/RxTest.framework",
			);
			runOnlyForDeploymentPostprocessing = 0;
			shellPath = /bin/sh;
			shellScript = "\"${PODS_ROOT}/Target Support Files/Pods-MarvelAppExampleUITests/Pods-MarvelAppExampleUITests-frameworks.sh\"\n";
			showEnvVarsInLog = 0;
		};
		12FD918E5C2F9296BD549F56 /* [CP] Embed Pods Frameworks */ = {
			isa = PBXShellScriptBuildPhase;
			buildActionMask = 2147483647;
			files = (
			);
			inputFileListPaths = (
			);
			inputPaths = (
				"${PODS_ROOT}/Target Support Files/Pods-MarvelAppExampleTests/Pods-MarvelAppExampleTests-frameworks.sh",
				"${BUILT_PRODUCTS_DIR}/RxSwift/RxSwift.framework",
				"${BUILT_PRODUCTS_DIR}/RxBlocking/RxBlocking.framework",
				"${BUILT_PRODUCTS_DIR}/RxTest/RxTest.framework",
			);
			name = "[CP] Embed Pods Frameworks";
			outputFileListPaths = (
			);
			outputPaths = (
				"${TARGET_BUILD_DIR}/${FRAMEWORKS_FOLDER_PATH}/RxSwift.framework",
				"${TARGET_BUILD_DIR}/${FRAMEWORKS_FOLDER_PATH}/RxBlocking.framework",
				"${TARGET_BUILD_DIR}/${FRAMEWORKS_FOLDER_PATH}/RxTest.framework",
			);
			runOnlyForDeploymentPostprocessing = 0;
			shellPath = /bin/sh;
			shellScript = "\"${PODS_ROOT}/Target Support Files/Pods-MarvelAppExampleTests/Pods-MarvelAppExampleTests-frameworks.sh\"\n";
			showEnvVarsInLog = 0;
		};
		23EBD17F51A699E0AFB3CEB7 /* [CP] Embed Pods Frameworks */ = {
			isa = PBXShellScriptBuildPhase;
			buildActionMask = 2147483647;
			files = (
			);
			inputFileListPaths = (
			);
			inputPaths = (
				"${PODS_ROOT}/Target Support Files/Pods-MarvelAppExample/Pods-MarvelAppExample-frameworks.sh",
				"${BUILT_PRODUCTS_DIR}/Alamofire/Alamofire.framework",
				"${BUILT_PRODUCTS_DIR}/CryptoSwift/CryptoSwift.framework",
				"${BUILT_PRODUCTS_DIR}/Keys/Keys.framework",
				"${BUILT_PRODUCTS_DIR}/Moya/Moya.framework",
				"${BUILT_PRODUCTS_DIR}/Result/Result.framework",
				"${BUILT_PRODUCTS_DIR}/RxCocoa/RxCocoa.framework",
				"${BUILT_PRODUCTS_DIR}/RxSwift/RxSwift.framework",
			);
			name = "[CP] Embed Pods Frameworks";
			outputFileListPaths = (
			);
			outputPaths = (
				"${TARGET_BUILD_DIR}/${FRAMEWORKS_FOLDER_PATH}/Alamofire.framework",
				"${TARGET_BUILD_DIR}/${FRAMEWORKS_FOLDER_PATH}/CryptoSwift.framework",
				"${TARGET_BUILD_DIR}/${FRAMEWORKS_FOLDER_PATH}/Keys.framework",
				"${TARGET_BUILD_DIR}/${FRAMEWORKS_FOLDER_PATH}/Moya.framework",
				"${TARGET_BUILD_DIR}/${FRAMEWORKS_FOLDER_PATH}/Result.framework",
				"${TARGET_BUILD_DIR}/${FRAMEWORKS_FOLDER_PATH}/RxCocoa.framework",
				"${TARGET_BUILD_DIR}/${FRAMEWORKS_FOLDER_PATH}/RxSwift.framework",
			);
			runOnlyForDeploymentPostprocessing = 0;
			shellPath = /bin/sh;
			shellScript = "\"${PODS_ROOT}/Target Support Files/Pods-MarvelAppExample/Pods-MarvelAppExample-frameworks.sh\"\n";
			showEnvVarsInLog = 0;
		};
		7768B7009029A0E036124537 /* [CP] Check Pods Manifest.lock */ = {
			isa = PBXShellScriptBuildPhase;
			buildActionMask = 2147483647;
			files = (
			);
			inputFileListPaths = (
			);
			inputPaths = (
				"${PODS_PODFILE_DIR_PATH}/Podfile.lock",
				"${PODS_ROOT}/Manifest.lock",
			);
			name = "[CP] Check Pods Manifest.lock";
			outputFileListPaths = (
			);
			outputPaths = (
				"$(DERIVED_FILE_DIR)/Pods-MarvelAppExample-checkManifestLockResult.txt",
			);
			runOnlyForDeploymentPostprocessing = 0;
			shellPath = /bin/sh;
			shellScript = "diff \"${PODS_PODFILE_DIR_PATH}/Podfile.lock\" \"${PODS_ROOT}/Manifest.lock\" > /dev/null\nif [ $? != 0 ] ; then\n    # print error to STDERR\n    echo \"error: The sandbox is not in sync with the Podfile.lock. Run 'pod install' or update your CocoaPods installation.\" >&2\n    exit 1\nfi\n# This output is used by Xcode 'outputs' to avoid re-running this script phase.\necho \"SUCCESS\" > \"${SCRIPT_OUTPUT_FILE_0}\"\n";
			showEnvVarsInLog = 0;
		};
		906CA365E7E492EC0FF31A4F /* [CP] Check Pods Manifest.lock */ = {
			isa = PBXShellScriptBuildPhase;
			buildActionMask = 2147483647;
			files = (
			);
			inputFileListPaths = (
			);
			inputPaths = (
				"${PODS_PODFILE_DIR_PATH}/Podfile.lock",
				"${PODS_ROOT}/Manifest.lock",
			);
			name = "[CP] Check Pods Manifest.lock";
			outputFileListPaths = (
			);
			outputPaths = (
				"$(DERIVED_FILE_DIR)/Pods-MarvelAppExampleTests-checkManifestLockResult.txt",
			);
			runOnlyForDeploymentPostprocessing = 0;
			shellPath = /bin/sh;
			shellScript = "diff \"${PODS_PODFILE_DIR_PATH}/Podfile.lock\" \"${PODS_ROOT}/Manifest.lock\" > /dev/null\nif [ $? != 0 ] ; then\n    # print error to STDERR\n    echo \"error: The sandbox is not in sync with the Podfile.lock. Run 'pod install' or update your CocoaPods installation.\" >&2\n    exit 1\nfi\n# This output is used by Xcode 'outputs' to avoid re-running this script phase.\necho \"SUCCESS\" > \"${SCRIPT_OUTPUT_FILE_0}\"\n";
			showEnvVarsInLog = 0;
		};
		B294862478AB5DC03156D9D4 /* [CP] Check Pods Manifest.lock */ = {
			isa = PBXShellScriptBuildPhase;
			buildActionMask = 2147483647;
			files = (
			);
			inputFileListPaths = (
			);
			inputPaths = (
				"${PODS_PODFILE_DIR_PATH}/Podfile.lock",
				"${PODS_ROOT}/Manifest.lock",
			);
			name = "[CP] Check Pods Manifest.lock";
			outputFileListPaths = (
			);
			outputPaths = (
				"$(DERIVED_FILE_DIR)/Pods-MarvelAppExampleUITests-checkManifestLockResult.txt",
			);
			runOnlyForDeploymentPostprocessing = 0;
			shellPath = /bin/sh;
			shellScript = "diff \"${PODS_PODFILE_DIR_PATH}/Podfile.lock\" \"${PODS_ROOT}/Manifest.lock\" > /dev/null\nif [ $? != 0 ] ; then\n    # print error to STDERR\n    echo \"error: The sandbox is not in sync with the Podfile.lock. Run 'pod install' or update your CocoaPods installation.\" >&2\n    exit 1\nfi\n# This output is used by Xcode 'outputs' to avoid re-running this script phase.\necho \"SUCCESS\" > \"${SCRIPT_OUTPUT_FILE_0}\"\n";
			showEnvVarsInLog = 0;
		};
/* End PBXShellScriptBuildPhase section */

/* Begin PBXSourcesBuildPhase section */
		FFA7974E21563B61006A1E14 /* Sources */ = {
			isa = PBXSourcesBuildPhase;
			buildActionMask = 2147483647;
			files = (
				FFA7975821563B61006A1E14 /* ViewController.swift in Sources */,
				FFA7975621563B61006A1E14 /* AppDelegate.swift in Sources */,
				FF8BCBE3215A152E00F6D59F /* NetworkConstants.swift in Sources */,
				7DBDD8CA6C8FA6F96DE07B65 /* NetworkLayer.swift in Sources */,
				7DBDD0E4A408EA92918CEACC /* CharactersRepository.swift in Sources */,
				7DBDDD177152D9AC630DAC46 /* ListCharacterView.swift in Sources */,
				7DBDDF6E0E104F94CFCD7C70 /* ListCharacterViewModel.swift in Sources */,
				7DBDD4A6B39EE067BC5E3A79 /* ListCharacterViewModelCell.swift in Sources */,
				7DBDD1D9F6374CF86FE126CC /* ApiClient.swift in Sources */,
				7DBDDB41257C2E413AAB6997 /* SeriesSummary.swift in Sources */,
				7DBDD9090449CA51C00A2C86 /* SeriesList.swift in Sources */,
				7DBDD3920AEB73237EA229B2 /* EventSummary.swift in Sources */,
				7DBDD6B3501BBB5688D049AF /* EventList.swift in Sources */,
				7DBDDAD56835C475309B0C69 /* StoryList.swift in Sources */,
				7DBDD19619875A9478C1698E /* StorySummary.swift in Sources */,
				FFE1427822593760008B910B /* Secrets.swift in Sources */,
				7DBDD62208ADC83ECAC41651 /* ComicSummary.swift in Sources */,
				7DBDDEC128A3E7BD8F889BB2 /* ComicList.swift in Sources */,
				7DBDD2412A528BE76366B663 /* MarvelImage.swift in Sources */,
				7DBDDC3695EB0A4FA6B94213 /* Url.swift in Sources */,
				7DBDD7FF8A168F083C3558BF /* MarvelCharacter.swift in Sources */,
				7DBDD230105593AE350CF616 /* CharacterDataContainer.swift in Sources */,
				7DBDDE1C231B2C17E59502CD /* CharacterDataWrapper.swift in Sources */,
				7DBDDA0F258C2E824B623E73 /* ApiHashGenerator.swift in Sources */,
				7DBDD5874A4381DC859CCF1C /* ApiParams.swift in Sources */,
			);
			runOnlyForDeploymentPostprocessing = 0;
		};
		FFA7976221563B64006A1E14 /* Sources */ = {
			isa = PBXSourcesBuildPhase;
			buildActionMask = 2147483647;
			files = (
				FFA7A4CF225BC4070071956A /* ApiClientTest.swift in Sources */,
				7DBDDBE95FF97FCCF63CB1A5 /* ApiHashGeneratorTest.swift in Sources */,
				7DBDD6FED2AA246AE5C0D178 /* ApiParamsTest.swift in Sources */,
				7DBDDF39A0A3E9AF6D042D0E /* CharactersRepositoryTest.swift in Sources */,
				7DBDD4F528422617AEE3011B /* ApiClient+Fixtures.swift in Sources */,
				7DBDDA920D84391D292884F3 /* ListCharacterViewModelTest.swift in Sources */,
			);
			runOnlyForDeploymentPostprocessing = 0;
		};
		FFA7976D21563B64006A1E14 /* Sources */ = {
			isa = PBXSourcesBuildPhase;
			buildActionMask = 2147483647;
			files = (
				FFA7977621563B64006A1E14 /* MarvelAppExampleUITests.swift in Sources */,
			);
			runOnlyForDeploymentPostprocessing = 0;
		};
/* End PBXSourcesBuildPhase section */

/* Begin PBXTargetDependency section */
		FFA7976821563B64006A1E14 /* PBXTargetDependency */ = {
			isa = PBXTargetDependency;
			target = FFA7975121563B61006A1E14 /* MarvelAppExample */;
			targetProxy = FFA7976721563B64006A1E14 /* PBXContainerItemProxy */;
		};
		FFA7977321563B64006A1E14 /* PBXTargetDependency */ = {
			isa = PBXTargetDependency;
			target = FFA7975121563B61006A1E14 /* MarvelAppExample */;
			targetProxy = FFA7977221563B64006A1E14 /* PBXContainerItemProxy */;
		};
/* End PBXTargetDependency section */

/* Begin PBXVariantGroup section */
		FFA7975E21563B64006A1E14 /* LaunchScreen.storyboard */ = {
			isa = PBXVariantGroup;
			children = (
				FFA7975F21563B64006A1E14 /* Base */,
			);
			name = LaunchScreen.storyboard;
			sourceTree = "<group>";
		};
/* End PBXVariantGroup section */

/* Begin XCBuildConfiguration section */
		FFA7977821563B64006A1E14 /* Debug */ = {
			isa = XCBuildConfiguration;
			buildSettings = {
				ALWAYS_SEARCH_USER_PATHS = NO;
				CLANG_ANALYZER_NONNULL = YES;
				CLANG_ANALYZER_NUMBER_OBJECT_CONVERSION = YES_AGGRESSIVE;
				CLANG_CXX_LANGUAGE_STANDARD = "gnu++14";
				CLANG_CXX_LIBRARY = "libc++";
				CLANG_ENABLE_MODULES = YES;
				CLANG_ENABLE_OBJC_ARC = YES;
				CLANG_ENABLE_OBJC_WEAK = YES;
				CLANG_WARN_BLOCK_CAPTURE_AUTORELEASING = YES;
				CLANG_WARN_BOOL_CONVERSION = YES;
				CLANG_WARN_COMMA = YES;
				CLANG_WARN_CONSTANT_CONVERSION = YES;
				CLANG_WARN_DEPRECATED_OBJC_IMPLEMENTATIONS = YES;
				CLANG_WARN_DIRECT_OBJC_ISA_USAGE = YES_ERROR;
				CLANG_WARN_DOCUMENTATION_COMMENTS = YES;
				CLANG_WARN_EMPTY_BODY = YES;
				CLANG_WARN_ENUM_CONVERSION = YES;
				CLANG_WARN_INFINITE_RECURSION = YES;
				CLANG_WARN_INT_CONVERSION = YES;
				CLANG_WARN_NON_LITERAL_NULL_CONVERSION = YES;
				CLANG_WARN_OBJC_IMPLICIT_RETAIN_SELF = YES;
				CLANG_WARN_OBJC_LITERAL_CONVERSION = YES;
				CLANG_WARN_OBJC_ROOT_CLASS = YES_ERROR;
				CLANG_WARN_RANGE_LOOP_ANALYSIS = YES;
				CLANG_WARN_STRICT_PROTOTYPES = YES;
				CLANG_WARN_SUSPICIOUS_MOVE = YES;
				CLANG_WARN_UNGUARDED_AVAILABILITY = YES_AGGRESSIVE;
				CLANG_WARN_UNREACHABLE_CODE = YES;
				CLANG_WARN__DUPLICATE_METHOD_MATCH = YES;
				CODE_SIGN_IDENTITY = "iPhone Developer";
				COPY_PHASE_STRIP = NO;
				DEBUG_INFORMATION_FORMAT = dwarf;
				ENABLE_STRICT_OBJC_MSGSEND = YES;
				ENABLE_TESTABILITY = YES;
				GCC_C_LANGUAGE_STANDARD = gnu11;
				GCC_DYNAMIC_NO_PIC = NO;
				GCC_NO_COMMON_BLOCKS = YES;
				GCC_OPTIMIZATION_LEVEL = 0;
				GCC_PREPROCESSOR_DEFINITIONS = (
					"DEBUG=1",
					"$(inherited)",
				);
				GCC_WARN_64_TO_32_BIT_CONVERSION = YES;
				GCC_WARN_ABOUT_RETURN_TYPE = YES_ERROR;
				GCC_WARN_UNDECLARED_SELECTOR = YES;
				GCC_WARN_UNINITIALIZED_AUTOS = YES_AGGRESSIVE;
				GCC_WARN_UNUSED_FUNCTION = YES;
				GCC_WARN_UNUSED_VARIABLE = YES;
				IPHONEOS_DEPLOYMENT_TARGET = 12.0;
				MTL_ENABLE_DEBUG_INFO = INCLUDE_SOURCE;
				MTL_FAST_MATH = YES;
				ONLY_ACTIVE_ARCH = YES;
				SDKROOT = iphoneos;
				SWIFT_ACTIVE_COMPILATION_CONDITIONS = DEBUG;
				SWIFT_OPTIMIZATION_LEVEL = "-Onone";
			};
			name = Debug;
		};
		FFA7977921563B64006A1E14 /* Release */ = {
			isa = XCBuildConfiguration;
			buildSettings = {
				ALWAYS_SEARCH_USER_PATHS = NO;
				CLANG_ANALYZER_NONNULL = YES;
				CLANG_ANALYZER_NUMBER_OBJECT_CONVERSION = YES_AGGRESSIVE;
				CLANG_CXX_LANGUAGE_STANDARD = "gnu++14";
				CLANG_CXX_LIBRARY = "libc++";
				CLANG_ENABLE_MODULES = YES;
				CLANG_ENABLE_OBJC_ARC = YES;
				CLANG_ENABLE_OBJC_WEAK = YES;
				CLANG_WARN_BLOCK_CAPTURE_AUTORELEASING = YES;
				CLANG_WARN_BOOL_CONVERSION = YES;
				CLANG_WARN_COMMA = YES;
				CLANG_WARN_CONSTANT_CONVERSION = YES;
				CLANG_WARN_DEPRECATED_OBJC_IMPLEMENTATIONS = YES;
				CLANG_WARN_DIRECT_OBJC_ISA_USAGE = YES_ERROR;
				CLANG_WARN_DOCUMENTATION_COMMENTS = YES;
				CLANG_WARN_EMPTY_BODY = YES;
				CLANG_WARN_ENUM_CONVERSION = YES;
				CLANG_WARN_INFINITE_RECURSION = YES;
				CLANG_WARN_INT_CONVERSION = YES;
				CLANG_WARN_NON_LITERAL_NULL_CONVERSION = YES;
				CLANG_WARN_OBJC_IMPLICIT_RETAIN_SELF = YES;
				CLANG_WARN_OBJC_LITERAL_CONVERSION = YES;
				CLANG_WARN_OBJC_ROOT_CLASS = YES_ERROR;
				CLANG_WARN_RANGE_LOOP_ANALYSIS = YES;
				CLANG_WARN_STRICT_PROTOTYPES = YES;
				CLANG_WARN_SUSPICIOUS_MOVE = YES;
				CLANG_WARN_UNGUARDED_AVAILABILITY = YES_AGGRESSIVE;
				CLANG_WARN_UNREACHABLE_CODE = YES;
				CLANG_WARN__DUPLICATE_METHOD_MATCH = YES;
				CODE_SIGN_IDENTITY = "iPhone Developer";
				COPY_PHASE_STRIP = NO;
				DEBUG_INFORMATION_FORMAT = "dwarf-with-dsym";
				ENABLE_NS_ASSERTIONS = NO;
				ENABLE_STRICT_OBJC_MSGSEND = YES;
				GCC_C_LANGUAGE_STANDARD = gnu11;
				GCC_NO_COMMON_BLOCKS = YES;
				GCC_WARN_64_TO_32_BIT_CONVERSION = YES;
				GCC_WARN_ABOUT_RETURN_TYPE = YES_ERROR;
				GCC_WARN_UNDECLARED_SELECTOR = YES;
				GCC_WARN_UNINITIALIZED_AUTOS = YES_AGGRESSIVE;
				GCC_WARN_UNUSED_FUNCTION = YES;
				GCC_WARN_UNUSED_VARIABLE = YES;
				IPHONEOS_DEPLOYMENT_TARGET = 12.0;
				MTL_ENABLE_DEBUG_INFO = NO;
				MTL_FAST_MATH = YES;
				SDKROOT = iphoneos;
				SWIFT_COMPILATION_MODE = wholemodule;
				SWIFT_OPTIMIZATION_LEVEL = "-O";
				VALIDATE_PRODUCT = YES;
			};
			name = Release;
		};
		FFA7977B21563B64006A1E14 /* Debug */ = {
			isa = XCBuildConfiguration;
			baseConfigurationReference = 32AE473C33BDC3B48BC17A6B /* Pods-MarvelAppExample.debug.xcconfig */;
			buildSettings = {
				ASSETCATALOG_COMPILER_APPICON_NAME = AppIcon;
				CODE_SIGN_STYLE = Automatic;
				DEVELOPMENT_TEAM = TNPSVFPM6W;
				INFOPLIST_FILE = MarvelAppExample/Info.plist;
				IPHONEOS_DEPLOYMENT_TARGET = 10.3;
				LD_RUNPATH_SEARCH_PATHS = (
					"$(inherited)",
					"@executable_path/Frameworks",
				);
				PRODUCT_BUNDLE_IDENTIFIER = com.daferpi.MarvelAppExample;
				PRODUCT_NAME = "$(TARGET_NAME)";
				SWIFT_VERSION = 4.2;
				TARGETED_DEVICE_FAMILY = "1,2";
			};
			name = Debug;
		};
		FFA7977C21563B64006A1E14 /* Release */ = {
			isa = XCBuildConfiguration;
			baseConfigurationReference = C6515241FE6F8B9AA1C19933 /* Pods-MarvelAppExample.release.xcconfig */;
			buildSettings = {
				ASSETCATALOG_COMPILER_APPICON_NAME = AppIcon;
				CODE_SIGN_STYLE = Automatic;
				DEVELOPMENT_TEAM = TNPSVFPM6W;
				INFOPLIST_FILE = MarvelAppExample/Info.plist;
				IPHONEOS_DEPLOYMENT_TARGET = 10.3;
				LD_RUNPATH_SEARCH_PATHS = (
					"$(inherited)",
					"@executable_path/Frameworks",
				);
				PRODUCT_BUNDLE_IDENTIFIER = com.daferpi.MarvelAppExample;
				PRODUCT_NAME = "$(TARGET_NAME)";
				SWIFT_VERSION = 4.2;
				TARGETED_DEVICE_FAMILY = "1,2";
			};
			name = Release;
		};
		FFA7977E21563B64006A1E14 /* Debug */ = {
			isa = XCBuildConfiguration;
			baseConfigurationReference = B83643C078C14B5D5005A108 /* Pods-MarvelAppExampleTests.debug.xcconfig */;
			buildSettings = {
				ALWAYS_EMBED_SWIFT_STANDARD_LIBRARIES = YES;
				BUNDLE_LOADER = "$(TEST_HOST)";
				CODE_SIGN_STYLE = Automatic;
				DEVELOPMENT_TEAM = TNPSVFPM6W;
				INFOPLIST_FILE = MarvelAppExampleTests/Info.plist;
				IPHONEOS_DEPLOYMENT_TARGET = 10.3;
				LD_RUNPATH_SEARCH_PATHS = (
					"$(inherited)",
					"@executable_path/Frameworks",
					"@loader_path/Frameworks",
				);
				PRODUCT_BUNDLE_IDENTIFIER = com.daferpi.MarvelAppExampleTests;
				PRODUCT_NAME = "$(TARGET_NAME)";
				SWIFT_VERSION = 4.2;
				TARGETED_DEVICE_FAMILY = "1,2";
				TEST_HOST = "$(BUILT_PRODUCTS_DIR)/MarvelAppExample.app/MarvelAppExample";
			};
			name = Debug;
		};
		FFA7977F21563B64006A1E14 /* Release */ = {
			isa = XCBuildConfiguration;
			baseConfigurationReference = 2743659C662C17142FA6AB23 /* Pods-MarvelAppExampleTests.release.xcconfig */;
			buildSettings = {
				ALWAYS_EMBED_SWIFT_STANDARD_LIBRARIES = YES;
				BUNDLE_LOADER = "$(TEST_HOST)";
				CODE_SIGN_STYLE = Automatic;
				DEVELOPMENT_TEAM = TNPSVFPM6W;
				INFOPLIST_FILE = MarvelAppExampleTests/Info.plist;
				IPHONEOS_DEPLOYMENT_TARGET = 10.3;
				LD_RUNPATH_SEARCH_PATHS = (
					"$(inherited)",
					"@executable_path/Frameworks",
					"@loader_path/Frameworks",
				);
				PRODUCT_BUNDLE_IDENTIFIER = com.daferpi.MarvelAppExampleTests;
				PRODUCT_NAME = "$(TARGET_NAME)";
				SWIFT_VERSION = 4.2;
				TARGETED_DEVICE_FAMILY = "1,2";
				TEST_HOST = "$(BUILT_PRODUCTS_DIR)/MarvelAppExample.app/MarvelAppExample";
			};
			name = Release;
		};
		FFA7978121563B64006A1E14 /* Debug */ = {
			isa = XCBuildConfiguration;
			baseConfigurationReference = 190C2736C55A4E94DEA03EBE /* Pods-MarvelAppExampleUITests.debug.xcconfig */;
			buildSettings = {
				ALWAYS_EMBED_SWIFT_STANDARD_LIBRARIES = YES;
				CODE_SIGN_STYLE = Automatic;
				DEVELOPMENT_TEAM = TNPSVFPM6W;
				INFOPLIST_FILE = MarvelAppExampleUITests/Info.plist;
				IPHONEOS_DEPLOYMENT_TARGET = 10.3;
				LD_RUNPATH_SEARCH_PATHS = (
					"$(inherited)",
					"@executable_path/Frameworks",
					"@loader_path/Frameworks",
				);
				PRODUCT_BUNDLE_IDENTIFIER = com.daferpi.MarvelAppExampleUITests;
				PRODUCT_NAME = "$(TARGET_NAME)";
				SWIFT_VERSION = 4.2;
				TARGETED_DEVICE_FAMILY = "1,2";
				TEST_TARGET_NAME = MarvelAppExample;
			};
			name = Debug;
		};
		FFA7978221563B64006A1E14 /* Release */ = {
			isa = XCBuildConfiguration;
			baseConfigurationReference = 177B033114F7E3C9247251EA /* Pods-MarvelAppExampleUITests.release.xcconfig */;
			buildSettings = {
				ALWAYS_EMBED_SWIFT_STANDARD_LIBRARIES = YES;
				CODE_SIGN_STYLE = Automatic;
				DEVELOPMENT_TEAM = TNPSVFPM6W;
				INFOPLIST_FILE = MarvelAppExampleUITests/Info.plist;
				IPHONEOS_DEPLOYMENT_TARGET = 10.3;
				LD_RUNPATH_SEARCH_PATHS = (
					"$(inherited)",
					"@executable_path/Frameworks",
					"@loader_path/Frameworks",
				);
				PRODUCT_BUNDLE_IDENTIFIER = com.daferpi.MarvelAppExampleUITests;
				PRODUCT_NAME = "$(TARGET_NAME)";
				SWIFT_VERSION = 4.2;
				TARGETED_DEVICE_FAMILY = "1,2";
				TEST_TARGET_NAME = MarvelAppExample;
			};
			name = Release;
		};
/* End XCBuildConfiguration section */

/* Begin XCConfigurationList section */
		FFA7974D21563B61006A1E14 /* Build configuration list for PBXProject "MarvelAppExample" */ = {
			isa = XCConfigurationList;
			buildConfigurations = (
				FFA7977821563B64006A1E14 /* Debug */,
				FFA7977921563B64006A1E14 /* Release */,
			);
			defaultConfigurationIsVisible = 0;
			defaultConfigurationName = Release;
		};
		FFA7977A21563B64006A1E14 /* Build configuration list for PBXNativeTarget "MarvelAppExample" */ = {
			isa = XCConfigurationList;
			buildConfigurations = (
				FFA7977B21563B64006A1E14 /* Debug */,
				FFA7977C21563B64006A1E14 /* Release */,
			);
			defaultConfigurationIsVisible = 0;
			defaultConfigurationName = Release;
		};
		FFA7977D21563B64006A1E14 /* Build configuration list for PBXNativeTarget "MarvelAppExampleTests" */ = {
			isa = XCConfigurationList;
			buildConfigurations = (
				FFA7977E21563B64006A1E14 /* Debug */,
				FFA7977F21563B64006A1E14 /* Release */,
			);
			defaultConfigurationIsVisible = 0;
			defaultConfigurationName = Release;
		};
		FFA7978021563B64006A1E14 /* Build configuration list for PBXNativeTarget "MarvelAppExampleUITests" */ = {
			isa = XCConfigurationList;
			buildConfigurations = (
				FFA7978121563B64006A1E14 /* Debug */,
				FFA7978221563B64006A1E14 /* Release */,
			);
			defaultConfigurationIsVisible = 0;
			defaultConfigurationName = Release;
		};
/* End XCConfigurationList section */
	};
	rootObject = FFA7974A21563B61006A1E14 /* Project object */;
}
